
Microsoft Visual Studio Solution File, Format Version 12.00
# Visual Studio Version 17
VisualStudioVersion = 17.6.33723.286
MinimumVisualStudioVersion = 10.0.40219.1
Project("{9A19103F-16F7-4668-BE54-9A1E7A4F7556}") = "ValidateString", "ValidateString\ValidateString.csproj", "{EEEB9C30-D6AF-4CFB-88CE-3CE61EA01BD7}"
EndProject
Project("{2150E333-8FDC-42A3-9474-1A3956D46DE8}") = "ValidateString", "ValidateString", "{E1576663-7183-4511-B019-D5E657011782}"
EndProject
Global
	GlobalSection(SolutionConfigurationPlatforms) = preSolution
		Debug|Any CPU = Debug|Any CPU
		Release|Any CPU = Release|Any CPU
	EndGlobalSection
	GlobalSection(ProjectConfigurationPlatforms) = postSolution
		{EEEB9C30-D6AF-4CFB-88CE-3CE61EA01BD7}.Debug|Any CPU.ActiveCfg = Debug|Any CPU
		{EEEB9C30-D6AF-4CFB-88CE-3CE61EA01BD7}.Debug|Any CPU.Build.0 = Debug|Any CPU
		{EEEB9C30-D6AF-4CFB-88CE-3CE61EA01BD7}.Release|Any CPU.ActiveCfg = Release|Any CPU
		{EEEB9C30-D6AF-4CFB-88CE-3CE61EA01BD7}.Release|Any CPU.Build.0 = Release|Any CPU
	EndGlobalSection
	GlobalSection(SolutionProperties) = preSolution
		HideSolutionNode = FALSE
	EndGlobalSection
	GlobalSection(NestedProjects) = preSolution
		{EEEB9C30-D6AF-4CFB-88CE-3CE61EA01BD7} = {E1576663-7183-4511-B019-D5E657011782}
	EndGlobalSection
	GlobalSection(ExtensibilityGlobals) = postSolution
		SolutionGuid = {2C338D66-2B80-4469-83A6-E5BA8237B69B}
	EndGlobalSection
EndGlobal
